
Microsoft Visual Studio Solution File, Format Version 12.00
# Visual Studio Version 17
VisualStudioVersion = 17.3.32825.248
MinimumVisualStudioVersion = 10.0.40219.1
Project("{FAE04EC0-301F-11D3-BF4B-00C04F79EFBC}") = "DZ_2.2", "DZ_2.2.csproj", "{8736F49D-0D6E-4857-A268-BD391D26AF55}"
EndProject
Global
	GlobalSection(SolutionConfigurationPlatforms) = preSolution
		Debug|Any CPU = Debug|Any CPU
		Release|Any CPU = Release|Any CPU
	EndGlobalSection
	GlobalSection(ProjectConfigurationPlatforms) = postSolution
		{8736F49D-0D6E-4857-A268-BD391D26AF55}.Debug|Any CPU.ActiveCfg = Debug|Any CPU
		{8736F49D-0D6E-4857-A268-BD391D26AF55}.Debug|Any CPU.Build.0 = Debug|Any CPU
		{8736F49D-0D6E-4857-A268-BD391D26AF55}.Release|Any CPU.ActiveCfg = Release|Any CPU
		{8736F49D-0D6E-4857-A268-BD391D26AF55}.Release|Any CPU.Build.0 = Release|Any CPU
	EndGlobalSection
	GlobalSection(SolutionProperties) = preSolution
		HideSolutionNode = FALSE
	EndGlobalSection
	GlobalSection(ExtensibilityGlobals) = postSolution
		SolutionGuid = {55AA5119-3D88-43A6-AC7A-66314DBB48E1}
	EndGlobalSection
EndGlobal
